GEM
  remote: https://rubygems.org/
  specs:
    base64 (0.3.0)
    bigdecimal (3.3.1)
    database_cleaner-core (2.0.1)
    database_cleaner-sequel (2.0.2)
      database_cleaner-core (~> 2.0.0)
      sequel
    dotenv (3.1.8)
    minisky (0.5.0)
      base64 (~> 0.1)
    minitest (5.26.2)
    pg (1.6.2)
    pg (1.6.2-x86_64-linux)
    rake (13.3.1)
    sequel (5.98.0)
      bigdecimal

PLATFORMS
  ruby
  x86_64-linux

DEPENDENCIES
  database_cleaner-sequel
  dotenv
  minisky
  minitest
  pg
  rake
  sequel

BUNDLED WITH
   2.5.22
